lockfileVersion: '9.0'

settings:
  autoInstallPeers: true
  excludeLinksFromLockfile: false

importers:

  .:
    dependencies:
      chalk:
        specifier: ^5.6.2
        version: 5.6.2
      node-api-headers:
        specifier: ^1.6.0
        version: 1.6.0
    devDependencies:
      '@biomejs/biome':
        specifier: ^2.3.3
        version: 2.3.3
      '@tsconfig/node20':
        specifier: '*'
        version: 20.1.6
      '@types/node':
        specifier: ^20.9.0
        version: 20.19.24
      node-addon-api:
        specifier: ^8.5.0
        version: 8.5.0
      typescript:
        specifier: ~5.9.3
        version: 5.9.3

packages:

  '@biomejs/biome@2.3.3':
    resolution: {integrity: sha512-zn/P1pRBCpDdhi+VNSMnpczOz9DnqzOA2c48K8xgxjDODvi5O8gs3a2H233rck/5HXpkFj6TmyoqVvxirZUnvg==}
    engines: {node: '>=14.21.3'}
    hasBin: true

  '@biomejs/cli-darwin-arm64@2.3.3':
    resolution: {integrity: sha512-5+JtW6RKmjqL9un0UtHV0ezOslAyYBzyl5ZhYiu7GHesX2x8NCDl6tXYrenv9m7e1RLbkO5E5Kh04kseMtz6lw==}
    engines: {node: '>=14.21.3'}
    cpu: [arm64]
    os: [darwin]

  '@biomejs/cli-darwin-x64@2.3.3':
    resolution: {integrity: sha512-UPmKRalkHicvIpeccuKqq+/gA2HYV8FUnAEDJnqYBlGlycKqe6xrovWqvWTE4TTNpIFf4UQyuaDzLkN6Kz6tbA==}
    engines: {node: '>=14.21.3'}
    cpu: [x64]
    os: [darwin]

  '@biomejs/cli-linux-arm64-musl@2.3.3':
    resolution: {integrity: sha512-KhCDMV+V7Yu72v40ssGJTHuv/j0n7JQ6l0s/c+EMcX5zPYLMLr4XpmI+WXhp4Vfkz0T5Xnh5wbrTBI3f2UTpjQ==}
    engines: {node: '>=14.21.3'}
    cpu: [arm64]
    os: [linux]

  '@biomejs/cli-linux-arm64@2.3.3':
    resolution: {integrity: sha512-zeiKwALNB/hax7+LLhCYqhqzlWdTfgE9BGkX2Z8S4VmCYnGFrf2fON/ec6KCos7mra5MDm6fYICsEWN2+HKZhw==}
    engines: {node: '>=14.21.3'}
    cpu: [arm64]
    os: [linux]

  '@biomejs/cli-linux-x64-musl@2.3.3':
    resolution: {integrity: sha512-IyqQ+jYzU5MVy9CK5NV0U+NnUMPUAhYMrB/x4QgL/Dl1MqzBVc61bHeyhLnKM6DSEk73/TQYrk/8/QmVHudLdQ==}
    engines: {node: '>=14.21.3'}
    cpu: [x64]
    os: [linux]

  '@biomejs/cli-linux-x64@2.3.3':
    resolution: {integrity: sha512-05CjPLbvVVU8J6eaO6iSEoA0FXKy2l6ddL+1h/VpiosCmIp3HxRKLOa1hhC1n+D13Z8g9b1DtnglGtM5U3sTag==}
    engines: {node: '>=14.21.3'}
    cpu: [x64]
    os: [linux]

  '@biomejs/cli-win32-arm64@2.3.3':
    resolution: {integrity: sha512-NtlLs3pdFqFAQYZjlEHKOwJEn3GEaz7rtR2oCrzaLT2Xt3Cfd55/VvodQ5V+X+KepLa956QJagckJrNL+DmumQ==}
    engines: {node: '>=14.21.3'}
    cpu: [arm64]
    os: [win32]

  '@biomejs/cli-win32-x64@2.3.3':
    resolution: {integrity: sha512-klJKPPQvUk9Rlp0Dd56gQw/+Wt6uUprHdHWtbDC93f3Iv+knA2tLWpcYoOZJgPV+9s+RBmYv0DGy4mUlr20esg==}
    engines: {node: '>=14.21.3'}
    cpu: [x64]
    os: [win32]

  '@tsconfig/node20@20.1.6':
    resolution: {integrity: sha512-sz+Hqx9zwZDpZIV871WSbUzSqNIsXzghZydypnfgzPKLltVJfkINfUeTct31n/tTSa9ZE1ZOfKdRre1uHHquYQ==}

  '@types/node@20.19.24':
    resolution: {integrity: sha512-FE5u0ezmi6y9OZEzlJfg37mqqf6ZDSF2V/NLjUyGrR9uTZ7Sb9F7bLNZ03S4XVUNRWGA7Ck4c1kK+YnuWjl+DA==}

  chalk@5.6.2:
    resolution: {integrity: sha512-7NzBL0rN6fMUW+f7A6Io4h40qQlG+xGmtMxfbnH/K7TAtt8JQWVQK+6g0UXKMeVJoyV5EkkNsErQ8pVD3bLHbA==}
    engines: {node: ^12.17.0 || ^14.13 || >=16.0.0}

  node-addon-api@8.5.0:
    resolution: {integrity: sha512-/bRZty2mXUIFY/xU5HLvveNHlswNJej+RnxBjOMkidWfwZzgTbPG1E3K5TOxRLOR+5hX7bSofy8yf1hZevMS8A==}
    engines: {node: ^18 || ^20 || >= 21}

  node-api-headers@1.6.0:
    resolution: {integrity: sha512-81T99+mWLZnxX0LlZPYuafyFlxVVaWKQ0BDAbSrOqLO+v+gzCzu0GTAVNeVK8lucqjqo9L/1UcK9cpkem8Py4Q==}

  typescript@5.9.3:
    resolution: {integrity: sha512-jl1vZzPDinLr9eUt3J/t7V6FgNEw9QjvBPdysz9KfQDD41fQrC2Y4vKQdiaUpFT4bXlb1RHhLpp8wtm6M5TgSw==}
    engines: {node: '>=14.17'}
    hasBin: true

  undici-types@6.21.0:
    resolution: {integrity: sha512-iwDZqg0QAGrg9Rav5H4n0M64c3mkR59cJ6wQp+7C4nI0gsmExaedaYLNO44eT4AtBBwjbTiGPMlt2Md0T9H9JQ==}

snapshots:

  '@biomejs/biome@2.3.3':
    optionalDependencies:
      '@biomejs/cli-darwin-arm64': 2.3.3
      '@biomejs/cli-darwin-x64': 2.3.3
      '@biomejs/cli-linux-arm64': 2.3.3
      '@biomejs/cli-linux-arm64-musl': 2.3.3
      '@biomejs/cli-linux-x64': 2.3.3
      '@biomejs/cli-linux-x64-musl': 2.3.3
      '@biomejs/cli-win32-arm64': 2.3.3
      '@biomejs/cli-win32-x64': 2.3.3

  '@biomejs/cli-darwin-arm64@2.3.3':
    optional: true

  '@biomejs/cli-darwin-x64@2.3.3':
    optional: true

  '@biomejs/cli-linux-arm64-musl@2.3.3':
    optional: true

  '@biomejs/cli-linux-arm64@2.3.3':
    optional: true

  '@biomejs/cli-linux-x64-musl@2.3.3':
    optional: true

  '@biomejs/cli-linux-x64@2.3.3':
    optional: true

  '@biomejs/cli-win32-arm64@2.3.3':
    optional: true

  '@biomejs/cli-win32-x64@2.3.3':
    optional: true

  '@tsconfig/node20@20.1.6': {}

  '@types/node@20.19.24':
    dependencies:
      undici-types: 6.21.0

  chalk@5.6.2: {}

  node-addon-api@8.5.0: {}

  node-api-headers@1.6.0: {}

  typescript@5.9.3: {}

  undici-types@6.21.0: {}
